# This file is automatically @generated by Cargo.
# It is not intended for manual editing.
version = 4

[[package]]
name = "zlib-rs"
version = "0.6.2"
source = "registry+https://github.com/rust-lang/crates.io-index"
checksum = "c745c48e1007337ed136dc99df34128b9faa6ed542d80a1c673cf55a6d7236c8"

[[package]]
name = "zlib_bench"
version = "0.1.0"
dependencies = [
 "zlib-rs",
]
