# @generated - this file is auto-generated by `mise lock` https://mise.jdx.dev/dev-tools/mise-lock.html

[[tools.dprint]]
version = "0.53.2"
backend = "aqua:dprint/dprint"

[tools.dprint."platforms.linux-arm64"]
checksum = "sha256:c3843a4604dac7428f41f762c4c352e409c63bd634172765bbac482dc59773ba"
url = "https://github.com/dprint/dprint/releases/download/0.53.2/dprint-aarch64-unknown-linux-musl.zip"

[tools.dprint."platforms.linux-arm64-musl"]
checksum = "sha256:c3843a4604dac7428f41f762c4c352e409c63bd634172765bbac482dc59773ba"
url = "https://github.com/dprint/dprint/releases/download/0.53.2/dprint-aarch64-unknown-linux-musl.zip"

[tools.dprint."platforms.linux-x64"]
checksum = "sha256:7ff2cf9b25c687bd59867528ae9a5526c17e75e82e9788bf1f84a0e3ca7163b6"
url = "https://github.com/dprint/dprint/releases/download/0.53.2/dprint-x86_64-unknown-linux-musl.zip"

[tools.dprint."platforms.linux-x64-musl"]
checksum = "sha256:7ff2cf9b25c687bd59867528ae9a5526c17e75e82e9788bf1f84a0e3ca7163b6"
url = "https://github.com/dprint/dprint/releases/download/0.53.2/dprint-x86_64-unknown-linux-musl.zip"

[tools.dprint."platforms.macos-arm64"]
checksum = "sha256:a185ba53f74e1e3a8ccdaf03a5d6f96b67d3fdf3f86d0d0f98950d15817eb0c4"
url = "https://github.com/dprint/dprint/releases/download/0.53.2/dprint-aarch64-apple-darwin.zip"

[tools.dprint."platforms.macos-x64"]
checksum = "sha256:902a9cff86a0ce643d5f1bb53e3e2434096511542363924e18016ee7bedb769f"
url = "https://github.com/dprint/dprint/releases/download/0.53.2/dprint-x86_64-apple-darwin.zip"

[tools.dprint."platforms.windows-x64"]
checksum = "sha256:f18910879d6796b05b0666513391ab7963b346723c041dc4d777d3f43179e416"
url = "https://github.com/dprint/dprint/releases/download/0.53.2/dprint-x86_64-pc-windows-msvc.zip"

[[tools.node]]
version = "24.14.1"
backend = "core:node"

[tools.node."platforms.linux-arm64"]
checksum = "sha256:734ff04fa7f8ed2e8a78d40cacf5ac3fc4515dac2858757cbab313eb483ba8a2"
url = "https://nodejs.org/dist/v24.14.1/node-v24.14.1-linux-arm64.tar.gz"

[tools.node."platforms.linux-arm64-musl"]
checksum = "sha256:734ff04fa7f8ed2e8a78d40cacf5ac3fc4515dac2858757cbab313eb483ba8a2"
url = "https://nodejs.org/dist/v24.14.1/node-v24.14.1-linux-arm64.tar.gz"

[tools.node."platforms.linux-x64"]
checksum = "sha256:ace9fa104992ed0829642629c46ca7bd7fd6e76278cb96c958c4b387d29658ea"
url = "https://nodejs.org/dist/v24.14.1/node-v24.14.1-linux-x64.tar.gz"

[tools.node."platforms.linux-x64-musl"]
checksum = "sha256:ace9fa104992ed0829642629c46ca7bd7fd6e76278cb96c958c4b387d29658ea"
url = "https://nodejs.org/dist/v24.14.1/node-v24.14.1-linux-x64.tar.gz"

[tools.node."platforms.macos-arm64"]
checksum = "sha256:25495ff85bd89e2d8a24d88566d7e2f827c6b0d3d872b2cebf75371f93fcb1fe"
url = "https://nodejs.org/dist/v24.14.1/node-v24.14.1-darwin-arm64.tar.gz"

[tools.node."platforms.macos-x64"]
checksum = "sha256:2526230ad7d922be82d4fdb1e7ee1e84303e133e3b4b0ec4c2897ab31de0253d"
url = "https://nodejs.org/dist/v24.14.1/node-v24.14.1-darwin-x64.tar.gz"

[tools.node."platforms.windows-x64"]
checksum = "sha256:6e50ce5498c0cebc20fd39ab3ff5df836ed2f8a31aa093cecad8497cff126d70"
url = "https://nodejs.org/dist/v24.14.1/node-v24.14.1-win-x64.zip"

[[tools.wasmtime]]
version = "42.0.1"
backend = "aqua:bytecodealliance/wasmtime"

[tools.wasmtime."platforms.linux-arm64"]
checksum = "sha256:fa9b7e09f49f75c17acf2c018a4286cdbeffb4c1f3ee9e72c48b6a42c1deceda"
url = "https://github.com/bytecodealliance/wasmtime/releases/download/v42.0.1/wasmtime-v42.0.1-aarch64-linux.tar.xz"

[tools.wasmtime."platforms.linux-arm64-musl"]
checksum = "sha256:fa9b7e09f49f75c17acf2c018a4286cdbeffb4c1f3ee9e72c48b6a42c1deceda"
url = "https://github.com/bytecodealliance/wasmtime/releases/download/v42.0.1/wasmtime-v42.0.1-aarch64-linux.tar.xz"

[tools.wasmtime."platforms.linux-x64"]
checksum = "sha256:dd5253f3cb521bb094f9951c3d2c45c746b31e5723b07ce56f162ec9bab44d59"
url = "https://github.com/bytecodealliance/wasmtime/releases/download/v42.0.1/wasmtime-v42.0.1-x86_64-linux.tar.xz"

[tools.wasmtime."platforms.linux-x64-musl"]
checksum = "sha256:dd5253f3cb521bb094f9951c3d2c45c746b31e5723b07ce56f162ec9bab44d59"
url = "https://github.com/bytecodealliance/wasmtime/releases/download/v42.0.1/wasmtime-v42.0.1-x86_64-linux.tar.xz"

[tools.wasmtime."platforms.macos-arm64"]
checksum = "sha256:69c56932453483f31cac7636f850bbd3bf884eaa7315b2c3b92857a2b0c6762e"
url = "https://github.com/bytecodealliance/wasmtime/releases/download/v42.0.1/wasmtime-v42.0.1-aarch64-macos.tar.xz"

[tools.wasmtime."platforms.macos-x64"]
checksum = "sha256:13465d6c3f35b2872f9168df19b74af6140b4f1a3a11d8a397950777ecfae858"
url = "https://github.com/bytecodealliance/wasmtime/releases/download/v42.0.1/wasmtime-v42.0.1-x86_64-macos.tar.xz"

[tools.wasmtime."platforms.windows-x64"]
checksum = "sha256:daa52754776eabdbbf82037d41a26f556ccd4fd5723dcab328b12c680894c072"
url = "https://github.com/bytecodealliance/wasmtime/releases/download/v42.0.1/wasmtime-v42.0.1-x86_64-windows.zip"
