# @generated - this file is auto-generated by `mise lock` https://mise.en.dev/dev-tools/mise-lock.html

[[tools.node]]
version = "26.10.0"
backend = "core:node"

[tools.node."platforms.linux-arm64"]
checksum = "sha256:423a41bff8e2a2fa15e702fefe2919ef95823b2378744daccb8439302534b44f"
url = "https://nodejs.org/dist/v26.10.0/node-v26.10.0-linux-arm64.tar.gz"

[tools.node."platforms.linux-arm64-musl"]
checksum = "sha256:d26027bff3197050d2a2b0bfa151b18e8378ed81affa2bf5093804db158979b6"
url = "https://unofficial-builds.nodejs.org/download/release/v26.10.0/node-v26.10.0-linux-arm64-musl.tar.gz"

[tools.node."platforms.linux-x64"]
checksum = "sha256:cb5c9ce9c80d7b8821e3a258543c71b939138cf17c74d5cc44bbe85d6dbc5ad8"
url = "https://nodejs.org/dist/v26.10.0/node-v26.10.0-linux-x64.tar.gz"

[tools.node."platforms.linux-x64-musl"]
checksum = "sha256:e42da94821b9422eb76bf5aaf4de0977e04ba320b8aff6148d895a94b08ee223"
url = "https://unofficial-builds.nodejs.org/download/release/v26.10.0/node-v26.10.0-linux-x64-musl.tar.gz"

[tools.node."platforms.macos-arm64"]
checksum = "sha256:751fdf7439f115d87ee2a8f3f18c065b6151852068e3e666ac60ac2996f75ac9"
url = "https://nodejs.org/dist/v26.10.0/node-v26.10.0-darwin-arm64.tar.gz"

[tools.node."platforms.macos-x64"]
checksum = "sha256:ebbe9ab9b58ad6bb54390d6e2c862c1afa7d4475fb7e8ae8146acde211bf70df"
url = "https://nodejs.org/dist/v26.10.0/node-v26.10.0-darwin-x64.tar.gz"

[tools.node."platforms.windows-x64"]
checksum = "sha256:9fef7eca6743a6b910989cd8e78712376b394fcb9b6e1e9c44a0799a287f90c5"
url = "https://nodejs.org/dist/v26.10.0/node-v26.10.0-win-x64.zip"

[[tools.wasm-tools]]
version = "1.259.0"
backend = "aqua:bytecodealliance/wasm-tools"

[tools.wasm-tools."platforms.linux-arm64"]
checksum = "sha256:9e1644f3841f2b783dd8af82de054667388e46689806fba4909ed45f3182800f"
url = "https://github.com/bytecodealliance/wasm-tools/releases/download/v1.259.0/wasm-tools-1.259.0-aarch64-linux.tar.gz"
url_api = "https://api.github.com/repos/bytecodealliance/wasm-tools/releases/assets/555515095"
provenance = "github-attestations"

[tools.wasm-tools."platforms.linux-arm64-musl"]
checksum = "sha256:9e1644f3841f2b783dd8af82de054667388e46689806fba4909ed45f3182800f"
url = "https://github.com/bytecodealliance/wasm-tools/releases/download/v1.259.0/wasm-tools-1.259.0-aarch64-linux.tar.gz"
url_api = "https://api.github.com/repos/bytecodealliance/wasm-tools/releases/assets/555515095"
provenance = "github-attestations"

[tools.wasm-tools."platforms.linux-x64"]
checksum = "sha256:3e9b374b4c7715b771b69bf0d65a337990ed4546ec5e97e01c0ff587dfc52160"
url = "https://github.com/bytecodealliance/wasm-tools/releases/download/v1.259.0/wasm-tools-1.259.0-x86_64-linux.tar.gz"
url_api = "https://api.github.com/repos/bytecodealliance/wasm-tools/releases/assets/555515130"
provenance = "github-attestations"

[tools.wasm-tools."platforms.linux-x64-musl"]
checksum = "sha256:3e9b374b4c7715b771b69bf0d65a337990ed4546ec5e97e01c0ff587dfc52160"
url = "https://github.com/bytecodealliance/wasm-tools/releases/download/v1.259.0/wasm-tools-1.259.0-x86_64-linux.tar.gz"
url_api = "https://api.github.com/repos/bytecodealliance/wasm-tools/releases/assets/555515130"
provenance = "github-attestations"

[tools.wasm-tools."platforms.macos-arm64"]
checksum = "sha256:b662d939220b2c49ea9f1d81a19776e47d72bb5ba580f08107c7dc865e1f8c66"
url = "https://github.com/bytecodealliance/wasm-tools/releases/download/v1.259.0/wasm-tools-1.259.0-aarch64-macos.tar.gz"
url_api = "https://api.github.com/repos/bytecodealliance/wasm-tools/releases/assets/555515087"
provenance = "github-attestations"

[tools.wasm-tools."platforms.macos-x64"]
checksum = "sha256:7ffdbb9f00207bd16e0612931c63ac1012255a0c805241b339dfe0cf39356a25"
url = "https://github.com/bytecodealliance/wasm-tools/releases/download/v1.259.0/wasm-tools-1.259.0-x86_64-macos.tar.gz"
url_api = "https://api.github.com/repos/bytecodealliance/wasm-tools/releases/assets/555515156"
provenance = "github-attestations"

[tools.wasm-tools."platforms.windows-x64"]
checksum = "sha256:3c669d3706a5db7611a11afc422124df53a2c67294575e21f28c9b3deb95fa08"
url = "https://github.com/bytecodealliance/wasm-tools/releases/download/v1.259.0/wasm-tools-1.259.0-x86_64-windows.zip"
url_api = "https://api.github.com/repos/bytecodealliance/wasm-tools/releases/assets/555515159"
provenance = "github-attestations"
