# @generated - this file is auto-generated by `mise lock` https://mise.en.dev/dev-tools/mise-lock.html

[[tools.node]]
version = "26.7.0"
backend = "core:node"

[tools.node."platforms.linux-arm64"]
checksum = "sha256:925aa6157dd37542d0d7f2e28b7bf61e7b39284411210b0498bc3788db4aef68"
url = "https://nodejs.org/dist/v26.7.0/node-v26.7.0-linux-arm64.tar.gz"

[tools.node."platforms.linux-arm64-musl"]
checksum = "sha256:1f16cc0f6febcb1bed1d4550306806dbcfbaf5c1bc2f44f3c5c8b5d22a4cc27a"
url = "https://unofficial-builds.nodejs.org/download/release/v26.7.0/node-v26.7.0-linux-arm64-musl.tar.gz"

[tools.node."platforms.linux-x64"]
checksum = "sha256:bd6b6c31e377bad9ad579bed72e5bc11f4c879ac9452ad51d30e646ea3d828df"
url = "https://nodejs.org/dist/v26.7.0/node-v26.7.0-linux-x64.tar.gz"

[tools.node."platforms.linux-x64-musl"]
checksum = "sha256:5dc0180e7684ede6fc9d9e6333da45686f4b5a7820729d33c68335b283337295"
url = "https://unofficial-builds.nodejs.org/download/release/v26.7.0/node-v26.7.0-linux-x64-musl.tar.gz"

[tools.node."platforms.macos-arm64"]
checksum = "sha256:7ee659a7768e641bbfd5360940660b8e8fd0052f77488f365562bac522fc15d4"
url = "https://nodejs.org/dist/v26.7.0/node-v26.7.0-darwin-arm64.tar.gz"

[tools.node."platforms.macos-x64"]
checksum = "sha256:f279d1ed28ce57f7788bf23435d2ad7fdd7438904ad5c4d8a1081a7cde3d4b96"
url = "https://nodejs.org/dist/v26.7.0/node-v26.7.0-darwin-x64.tar.gz"

[tools.node."platforms.windows-x64"]
checksum = "sha256:d3bd72755141ed32bbcd841228ee81897c8a98d50dfa7dae2179399a0a7c90f8"
url = "https://nodejs.org/dist/v26.7.0/node-v26.7.0-win-x64.zip"

[[tools.wasm-tools]]
version = "1.259.0"
backend = "aqua:bytecodealliance/wasm-tools"

[tools.wasm-tools."platforms.linux-arm64"]
checksum = "sha256:9e1644f3841f2b783dd8af82de054667388e46689806fba4909ed45f3182800f"
url = "https://github.com/bytecodealliance/wasm-tools/releases/download/v1.259.0/wasm-tools-1.259.0-aarch64-linux.tar.gz"
url_api = "https://api.github.com/repos/bytecodealliance/wasm-tools/releases/assets/555515095"
provenance = "github-attestations"

[tools.wasm-tools."platforms.linux-arm64-musl"]
checksum = "sha256:9e1644f3841f2b783dd8af82de054667388e46689806fba4909ed45f3182800f"
url = "https://github.com/bytecodealliance/wasm-tools/releases/download/v1.259.0/wasm-tools-1.259.0-aarch64-linux.tar.gz"
url_api = "https://api.github.com/repos/bytecodealliance/wasm-tools/releases/assets/555515095"
provenance = "github-attestations"

[tools.wasm-tools."platforms.linux-x64"]
checksum = "sha256:3e9b374b4c7715b771b69bf0d65a337990ed4546ec5e97e01c0ff587dfc52160"
url = "https://github.com/bytecodealliance/wasm-tools/releases/download/v1.259.0/wasm-tools-1.259.0-x86_64-linux.tar.gz"
url_api = "https://api.github.com/repos/bytecodealliance/wasm-tools/releases/assets/555515130"
provenance = "github-attestations"

[tools.wasm-tools."platforms.linux-x64-musl"]
checksum = "sha256:3e9b374b4c7715b771b69bf0d65a337990ed4546ec5e97e01c0ff587dfc52160"
url = "https://github.com/bytecodealliance/wasm-tools/releases/download/v1.259.0/wasm-tools-1.259.0-x86_64-linux.tar.gz"
url_api = "https://api.github.com/repos/bytecodealliance/wasm-tools/releases/assets/555515130"
provenance = "github-attestations"

[tools.wasm-tools."platforms.macos-arm64"]
checksum = "sha256:b662d939220b2c49ea9f1d81a19776e47d72bb5ba580f08107c7dc865e1f8c66"
url = "https://github.com/bytecodealliance/wasm-tools/releases/download/v1.259.0/wasm-tools-1.259.0-aarch64-macos.tar.gz"
url_api = "https://api.github.com/repos/bytecodealliance/wasm-tools/releases/assets/555515087"
provenance = "github-attestations"

[tools.wasm-tools."platforms.macos-x64"]
checksum = "sha256:7ffdbb9f00207bd16e0612931c63ac1012255a0c805241b339dfe0cf39356a25"
url = "https://github.com/bytecodealliance/wasm-tools/releases/download/v1.259.0/wasm-tools-1.259.0-x86_64-macos.tar.gz"
url_api = "https://api.github.com/repos/bytecodealliance/wasm-tools/releases/assets/555515156"
provenance = "github-attestations"

[tools.wasm-tools."platforms.windows-x64"]
checksum = "sha256:3c669d3706a5db7611a11afc422124df53a2c67294575e21f28c9b3deb95fa08"
url = "https://github.com/bytecodealliance/wasm-tools/releases/download/v1.259.0/wasm-tools-1.259.0-x86_64-windows.zip"
url_api = "https://api.github.com/repos/bytecodealliance/wasm-tools/releases/assets/555515159"
provenance = "github-attestations"
