# This file is auto-generated by wado. Do not edit manually.
version = 1
deps-hash = "sha256:73a93c045114e2ecf8c51e12279f719830896b8be8a701ac1c45c1fc80d13a33"

[[package]]
id = "registry+oci://ghcr.io/wado-lang:cm-catalog"
version = "0.1.0"
integrity = "sha256:e477653fa5dd32e208697f5e07464bab0bfb466a32bf5f0ed84e20ce9aa77d45"
deps = []
