# This file is auto-generated by wado. Do not edit manually.
version = 1
deps-hash = "sha256:370208cbcf9701ecfad219813fade7ae411ef3661b7696a2a276d38c8912304f"

[[package]]
id = "registry+oci://ghcr.io/wado-lang:cm-catalog"
version = "0.1.0"
integrity = "sha256:e477653fa5dd32e208697f5e07464bab0bfb466a32bf5f0ed84e20ce9aa77d45"
deps = []

[[build-dependency]]
id = "registry+oci://ghcr.io/wado-lang:gale"
version = "0.0.9"
integrity = "sha256:1a49e9adc93a919e40c40fc155d2162061ece67bcc85b371fb1336995dd84ba0"
world = { "core:kiln/generator" = "" }
deps = []
