# @generated - this file is auto-generated by `mise lock` https://mise.jdx.dev/dev-tools/mise-lock.html

[[tools."github:WebAssembly/wasi-sdk"]]
version = "wasi-sdk-32"
backend = "github:WebAssembly/wasi-sdk"

[tools."github:WebAssembly/wasi-sdk"."platforms.linux-arm64"]
checksum = "sha256:b2070865e6cb0c1e97a38e6ac8d9c37a9dfcd0752764ebabc6bacd3e60cedb96"
url = "https://github.com/WebAssembly/wasi-sdk/releases/download/wasi-sdk-32/wasi-sdk-32.0-arm64-linux.tar.gz"
url_api = "https://api.github.com/repos/WebAssembly/wasi-sdk/releases/assets/375217187"

[tools."github:WebAssembly/wasi-sdk"."platforms.linux-arm64-musl"]
checksum = "sha256:b2070865e6cb0c1e97a38e6ac8d9c37a9dfcd0752764ebabc6bacd3e60cedb96"
url = "https://github.com/WebAssembly/wasi-sdk/releases/download/wasi-sdk-32/wasi-sdk-32.0-arm64-linux.tar.gz"
url_api = "https://api.github.com/repos/WebAssembly/wasi-sdk/releases/assets/375217187"

[tools."github:WebAssembly/wasi-sdk"."platforms.linux-x64"]
checksum = "sha256:55fc523ebfbc98f69d1034fcfcb83d1ff5610cd9ab7eceef6cd097a30ba4ef93"
url = "https://github.com/WebAssembly/wasi-sdk/releases/download/wasi-sdk-32/wasi-sdk-32.0-x86_64-linux.tar.gz"
url_api = "https://api.github.com/repos/WebAssembly/wasi-sdk/releases/assets/375217210"

[tools."github:WebAssembly/wasi-sdk"."platforms.linux-x64-musl"]
checksum = "sha256:55fc523ebfbc98f69d1034fcfcb83d1ff5610cd9ab7eceef6cd097a30ba4ef93"
url = "https://github.com/WebAssembly/wasi-sdk/releases/download/wasi-sdk-32/wasi-sdk-32.0-x86_64-linux.tar.gz"
url_api = "https://api.github.com/repos/WebAssembly/wasi-sdk/releases/assets/375217210"

[tools."github:WebAssembly/wasi-sdk"."platforms.macos-arm64"]
checksum = "sha256:383be7fe00ae04691e1859164fd99970a528c55d624b886ed59f7933898b933d"
url = "https://github.com/WebAssembly/wasi-sdk/releases/download/wasi-sdk-32/wasi-sdk-32.0-arm64-macos.tar.gz"
url_api = "https://api.github.com/repos/WebAssembly/wasi-sdk/releases/assets/375217184"

[tools."github:WebAssembly/wasi-sdk"."platforms.macos-x64"]
checksum = "sha256:a36c9ab106a40abe8a051279c233c6bab719a5788ecc0788e8d141796eb55b1b"
url = "https://github.com/WebAssembly/wasi-sdk/releases/download/wasi-sdk-32/wasi-sdk-32.0-x86_64-macos.tar.gz"
url_api = "https://api.github.com/repos/WebAssembly/wasi-sdk/releases/assets/375217214"

[tools."github:WebAssembly/wasi-sdk"."platforms.windows-x64"]
checksum = "sha256:3188807b9708d05e854b1b2f8db1f2bffcc337292449a4673fbab7175416bd41"
url = "https://github.com/WebAssembly/wasi-sdk/releases/download/wasi-sdk-32/wasi-sdk-32.0-x86_64-windows.tar.gz"
url_api = "https://api.github.com/repos/WebAssembly/wasi-sdk/releases/assets/375217218"

[[tools."github:tinygo-org/tinygo"]]
version = "0.40.1"
backend = "github:tinygo-org/tinygo"

[tools."github:tinygo-org/tinygo"."platforms.linux-arm64"]
checksum = "sha256:4720693b333826569d5c1ed746a735c4d1983719c95af5bdd4d9dfeaa755e933"
url = "https://github.com/tinygo-org/tinygo/releases/download/v0.40.1/tinygo0.40.1.linux-arm64.tar.gz"
url_api = "https://api.github.com/repos/tinygo-org/tinygo/releases/assets/330629593"

[tools."github:tinygo-org/tinygo"."platforms.linux-arm64-musl"]
checksum = "sha256:4720693b333826569d5c1ed746a735c4d1983719c95af5bdd4d9dfeaa755e933"
url = "https://github.com/tinygo-org/tinygo/releases/download/v0.40.1/tinygo0.40.1.linux-arm64.tar.gz"
url_api = "https://api.github.com/repos/tinygo-org/tinygo/releases/assets/330629593"

[tools."github:tinygo-org/tinygo"."platforms.linux-x64"]
checksum = "sha256:064fc0c07f4d71f7369b168c337caa88ef32a6b00b16449cea44790ccadfc2b4"
url = "https://github.com/tinygo-org/tinygo/releases/download/v0.40.1/tinygo0.40.1.linux-amd64.tar.gz"
url_api = "https://api.github.com/repos/tinygo-org/tinygo/releases/assets/330622985"

[tools."github:tinygo-org/tinygo"."platforms.linux-x64-musl"]
checksum = "sha256:064fc0c07f4d71f7369b168c337caa88ef32a6b00b16449cea44790ccadfc2b4"
url = "https://github.com/tinygo-org/tinygo/releases/download/v0.40.1/tinygo0.40.1.linux-amd64.tar.gz"
url_api = "https://api.github.com/repos/tinygo-org/tinygo/releases/assets/330622985"

[tools."github:tinygo-org/tinygo"."platforms.macos-arm64"]
checksum = "sha256:a20841a616de3b3403e52e3789cb60c147ab52b3fe6c33b31fdffba0164ae031"
url = "https://github.com/tinygo-org/tinygo/releases/download/v0.40.1/tinygo0.40.1.darwin-arm64.tar.gz"
url_api = "https://api.github.com/repos/tinygo-org/tinygo/releases/assets/330633803"

[tools."github:tinygo-org/tinygo"."platforms.macos-x64"]
checksum = "sha256:36c9423a63f9548d142908b06c67e198d878a0fed076b8ec5dbf8a3350a73eb4"
url = "https://github.com/tinygo-org/tinygo/releases/download/v0.40.1/tinygo0.40.1.darwin-amd64.tar.gz"
url_api = "https://api.github.com/repos/tinygo-org/tinygo/releases/assets/330633881"

[tools."github:tinygo-org/tinygo"."platforms.windows-x64"]
checksum = "sha256:7f839546df47e52a8ec9031437ae374a1facceb9adb15b94d514624fed9391b4"
url = "https://github.com/tinygo-org/tinygo/releases/download/v0.40.1/tinygo0.40.1.windows-amd64.zip"
url_api = "https://api.github.com/repos/tinygo-org/tinygo/releases/assets/330619556"

[[tools.go]]
version = "1.25.9"
backend = "core:go"

[tools.go."platforms.linux-arm64"]
checksum = "sha256:ec342e7389b7f489564ed5463c63b16cf8040023dabc7861256677165a8c0e2b"
url = "https://dl.google.com/go/go1.25.9.linux-arm64.tar.gz"

[tools.go."platforms.linux-arm64-musl"]
checksum = "sha256:ec342e7389b7f489564ed5463c63b16cf8040023dabc7861256677165a8c0e2b"
url = "https://dl.google.com/go/go1.25.9.linux-arm64.tar.gz"

[tools.go."platforms.linux-x64"]
checksum = "sha256:00859d7bd6defe8bf84d9db9e57b9a4467b2887c18cd93ae7460e713db774bc1"
url = "https://dl.google.com/go/go1.25.9.linux-amd64.tar.gz"

[tools.go."platforms.linux-x64-musl"]
checksum = "sha256:00859d7bd6defe8bf84d9db9e57b9a4467b2887c18cd93ae7460e713db774bc1"
url = "https://dl.google.com/go/go1.25.9.linux-amd64.tar.gz"

[tools.go."platforms.macos-arm64"]
checksum = "sha256:9528be7329b9770631a6bd09ca2f3a73ed7332bec01d87435e75e92d8f130363"
url = "https://dl.google.com/go/go1.25.9.darwin-arm64.tar.gz"

[tools.go."platforms.macos-x64"]
checksum = "sha256:92cb78fba4796e218c1accb0ea0a214ef2094c382049a244ad6505505d015fbe"
url = "https://dl.google.com/go/go1.25.9.darwin-amd64.tar.gz"

[tools.go."platforms.windows-x64"]
checksum = "sha256:a7a710e225467b34e9e09fb432b829c86c9b2da5821ee5418f7eb2e8ae1a22cc"
url = "https://dl.google.com/go/go1.25.9.windows-amd64.zip"

[[tools.node]]
version = "24.14.1"
backend = "core:node"

[tools.node."platforms.linux-arm64"]
checksum = "sha256:734ff04fa7f8ed2e8a78d40cacf5ac3fc4515dac2858757cbab313eb483ba8a2"
url = "https://nodejs.org/dist/v24.14.1/node-v24.14.1-linux-arm64.tar.gz"

[tools.node."platforms.linux-arm64-musl"]
checksum = "sha256:734ff04fa7f8ed2e8a78d40cacf5ac3fc4515dac2858757cbab313eb483ba8a2"
url = "https://nodejs.org/dist/v24.14.1/node-v24.14.1-linux-arm64.tar.gz"

[tools.node."platforms.linux-x64"]
checksum = "sha256:ace9fa104992ed0829642629c46ca7bd7fd6e76278cb96c958c4b387d29658ea"
url = "https://nodejs.org/dist/v24.14.1/node-v24.14.1-linux-x64.tar.gz"

[tools.node."platforms.linux-x64-musl"]
checksum = "sha256:ace9fa104992ed0829642629c46ca7bd7fd6e76278cb96c958c4b387d29658ea"
url = "https://nodejs.org/dist/v24.14.1/node-v24.14.1-linux-x64.tar.gz"

[tools.node."platforms.macos-arm64"]
checksum = "sha256:25495ff85bd89e2d8a24d88566d7e2f827c6b0d3d872b2cebf75371f93fcb1fe"
url = "https://nodejs.org/dist/v24.14.1/node-v24.14.1-darwin-arm64.tar.gz"

[tools.node."platforms.macos-x64"]
checksum = "sha256:2526230ad7d922be82d4fdb1e7ee1e84303e133e3b4b0ec4c2897ab31de0253d"
url = "https://nodejs.org/dist/v24.14.1/node-v24.14.1-darwin-x64.tar.gz"

[tools.node."platforms.windows-x64"]
checksum = "sha256:6e50ce5498c0cebc20fd39ab3ff5df836ed2f8a31aa093cecad8497cff126d70"
url = "https://nodejs.org/dist/v24.14.1/node-v24.14.1-win-x64.zip"

[[tools.wasmtime]]
version = "41.0.4"
backend = "aqua:bytecodealliance/wasmtime"

[tools.wasmtime."platforms.linux-arm64"]
checksum = "sha256:eeb0610f0a70fd41f46ab849f028212a22755e0388a9014429f0aa7929158039"
url = "https://github.com/bytecodealliance/wasmtime/releases/download/v41.0.4/wasmtime-v41.0.4-aarch64-linux.tar.xz"

[tools.wasmtime."platforms.linux-arm64-musl"]
checksum = "sha256:eeb0610f0a70fd41f46ab849f028212a22755e0388a9014429f0aa7929158039"
url = "https://github.com/bytecodealliance/wasmtime/releases/download/v41.0.4/wasmtime-v41.0.4-aarch64-linux.tar.xz"

[tools.wasmtime."platforms.linux-x64"]
checksum = "sha256:1bbf3f00eb2ac29e8c03eb302bfcd9a5a1bae90549e01ea7dd9d10c72973b0dc"
url = "https://github.com/bytecodealliance/wasmtime/releases/download/v41.0.4/wasmtime-v41.0.4-x86_64-linux.tar.xz"

[tools.wasmtime."platforms.linux-x64-musl"]
checksum = "sha256:1bbf3f00eb2ac29e8c03eb302bfcd9a5a1bae90549e01ea7dd9d10c72973b0dc"
url = "https://github.com/bytecodealliance/wasmtime/releases/download/v41.0.4/wasmtime-v41.0.4-x86_64-linux.tar.xz"

[tools.wasmtime."platforms.macos-arm64"]
checksum = "sha256:5fad8a3958114b2ecf72480b75595bb0e6a86aa248bfeb681e38bb9435a63028"
url = "https://github.com/bytecodealliance/wasmtime/releases/download/v41.0.4/wasmtime-v41.0.4-aarch64-macos.tar.xz"

[tools.wasmtime."platforms.macos-x64"]
checksum = "sha256:bd9d24b5b91d0c50ca044773902935259c861bfa81c0a9cb7d9079ffebdce0d8"
url = "https://github.com/bytecodealliance/wasmtime/releases/download/v41.0.4/wasmtime-v41.0.4-x86_64-macos.tar.xz"

[tools.wasmtime."platforms.windows-x64"]
checksum = "sha256:cb7230a6504ba95b700ccd8b74550bf376e11ccc85818e858ffcedc729932137"
url = "https://github.com/bytecodealliance/wasmtime/releases/download/v41.0.4/wasmtime-v41.0.4-x86_64-windows.zip"

[[tools.zig]]
version = "0.15.2"
backend = "core:zig"

[tools.zig."platforms.linux-arm64"]
checksum = "sha256:958ed7d1e00d0ea76590d27666efbf7a932281b3d7ba0c6b01b0ff26498f667f"
url = "https://ziglang.org/download/0.15.2/zig-aarch64-linux-0.15.2.tar.xz"

[tools.zig."platforms.linux-arm64-musl"]
checksum = "sha256:958ed7d1e00d0ea76590d27666efbf7a932281b3d7ba0c6b01b0ff26498f667f"
url = "https://ziglang.org/download/0.15.2/zig-aarch64-linux-0.15.2.tar.xz"

[tools.zig."platforms.linux-x64"]
checksum = "sha256:02aa270f183da276e5b5920b1dac44a63f1a49e55050ebde3aecc9eb82f93239"
url = "https://ziglang.org/download/0.15.2/zig-x86_64-linux-0.15.2.tar.xz"

[tools.zig."platforms.linux-x64-musl"]
checksum = "sha256:02aa270f183da276e5b5920b1dac44a63f1a49e55050ebde3aecc9eb82f93239"
url = "https://ziglang.org/download/0.15.2/zig-x86_64-linux-0.15.2.tar.xz"

[tools.zig."platforms.macos-arm64"]
checksum = "sha256:3cc2bab367e185cdfb27501c4b30b1b0653c28d9f73df8dc91488e66ece5fa6b"
url = "https://ziglang.org/download/0.15.2/zig-aarch64-macos-0.15.2.tar.xz"

[tools.zig."platforms.macos-x64"]
checksum = "sha256:375b6909fc1495d16fc2c7db9538f707456bfc3373b14ee83fdd3e22b3d43f7f"
url = "https://ziglang.org/download/0.15.2/zig-x86_64-macos-0.15.2.tar.xz"

[tools.zig."platforms.windows-x64"]
checksum = "sha256:3a0ed1e8799a2f8ce2a6e6290a9ff22e6906f8227865911fb7ddedc3cc14cb0c"
url = "https://ziglang.org/download/0.15.2/zig-x86_64-windows-0.15.2.zip"
