# @generated - this file is auto-generated by `mise lock` https://mise.en.dev/dev-tools/mise-lock.html

[[tools."github:WebAssembly/wasi-sdk"]]
version = "wasi-sdk-33"
backend = "github:WebAssembly/wasi-sdk"

[tools."github:WebAssembly/wasi-sdk"."platforms.linux-arm64"]
checksum = "sha256:4f98ee738c7abb45c81a94d1461fc53cc569d1cd01498951c8184d841a027844"
url = "https://github.com/WebAssembly/wasi-sdk/releases/download/wasi-sdk-33/wasi-sdk-33.0-arm64-linux.tar.gz"
url_api = "https://api.github.com/repos/WebAssembly/wasi-sdk/releases/assets/409232825"

[tools."github:WebAssembly/wasi-sdk"."platforms.linux-arm64-musl"]
checksum = "sha256:4f98ee738c7abb45c81a94d1461fc53cc569d1cd01498951c8184d841a027844"
url = "https://github.com/WebAssembly/wasi-sdk/releases/download/wasi-sdk-33/wasi-sdk-33.0-arm64-linux.tar.gz"
url_api = "https://api.github.com/repos/WebAssembly/wasi-sdk/releases/assets/409232825"

[tools."github:WebAssembly/wasi-sdk"."platforms.linux-x64"]
checksum = "sha256:0ba8b5bfaeb2adf3f29bab5841d76cf5318ab8e1642ea195f88baba1abd47bce"
url = "https://github.com/WebAssembly/wasi-sdk/releases/download/wasi-sdk-33/wasi-sdk-33.0-x86_64-linux.tar.gz"
url_api = "https://api.github.com/repos/WebAssembly/wasi-sdk/releases/assets/409233036"

[tools."github:WebAssembly/wasi-sdk"."platforms.linux-x64-musl"]
checksum = "sha256:0ba8b5bfaeb2adf3f29bab5841d76cf5318ab8e1642ea195f88baba1abd47bce"
url = "https://github.com/WebAssembly/wasi-sdk/releases/download/wasi-sdk-33/wasi-sdk-33.0-x86_64-linux.tar.gz"
url_api = "https://api.github.com/repos/WebAssembly/wasi-sdk/releases/assets/409233036"

[tools."github:WebAssembly/wasi-sdk"."platforms.macos-arm64"]
checksum = "sha256:85c997a2665ead91673b5bb88b7d0df3fc8900df3bfa244f720d478187bbdc78"
url = "https://github.com/WebAssembly/wasi-sdk/releases/download/wasi-sdk-33/wasi-sdk-33.0-arm64-macos.tar.gz"
url_api = "https://api.github.com/repos/WebAssembly/wasi-sdk/releases/assets/409232824"

[tools."github:WebAssembly/wasi-sdk"."platforms.macos-x64"]
checksum = "sha256:18f3f201ba9734e6a4455b0b6410690395a55e9ffa9f6f5066f66083a94b93b3"
url = "https://github.com/WebAssembly/wasi-sdk/releases/download/wasi-sdk-33/wasi-sdk-33.0-x86_64-macos.tar.gz"
url_api = "https://api.github.com/repos/WebAssembly/wasi-sdk/releases/assets/409233052"

[tools."github:WebAssembly/wasi-sdk"."platforms.windows-x64"]
checksum = "sha256:df14ca2a2127c2d6b6be07e6f5549b3af9c1b3c0112430c200a4749970c59f06"
url = "https://github.com/WebAssembly/wasi-sdk/releases/download/wasi-sdk-33/wasi-sdk-33.0-x86_64-windows.tar.gz"
url_api = "https://api.github.com/repos/WebAssembly/wasi-sdk/releases/assets/409233109"

[[tools.zig]]
version = "0.16.0"
backend = "core:zig"

[tools.zig."platforms.linux-arm64"]
checksum = "sha256:ea4b09bfb22ec6f6c6ceac57ab63efb6b46e17ab08d21f69f3a48b38e1534f17"
url = "https://ziglang.org/download/0.16.0/zig-aarch64-linux-0.16.0.tar.xz"

[tools.zig."platforms.linux-arm64-musl"]
checksum = "sha256:ea4b09bfb22ec6f6c6ceac57ab63efb6b46e17ab08d21f69f3a48b38e1534f17"
url = "https://ziglang.org/download/0.16.0/zig-aarch64-linux-0.16.0.tar.xz"

[tools.zig."platforms.linux-x64"]
checksum = "sha256:70e49664a74374b48b51e6f3fdfbf437f6395d42509050588bd49abe52ba3d00"
url = "https://ziglang.org/download/0.16.0/zig-x86_64-linux-0.16.0.tar.xz"
provenance = "minisign"

[tools.zig."platforms.linux-x64-musl"]
checksum = "sha256:70e49664a74374b48b51e6f3fdfbf437f6395d42509050588bd49abe52ba3d00"
url = "https://ziglang.org/download/0.16.0/zig-x86_64-linux-0.16.0.tar.xz"

[tools.zig."platforms.macos-arm64"]
checksum = "sha256:b23d70deaa879b5c2d486ed3316f7eaa53e84acf6fc9cc747de152450d401489"
url = "https://ziglang.org/download/0.16.0/zig-aarch64-macos-0.16.0.tar.xz"

[tools.zig."platforms.macos-x64"]
checksum = "sha256:0387557ed1877bc6a2e1802c8391953baddba76081876301c522f52977b52ba7"
url = "https://ziglang.org/download/0.16.0/zig-x86_64-macos-0.16.0.tar.xz"

[tools.zig."platforms.windows-x64"]
checksum = "sha256:68659eb5f1e4eb1437a722f1dd889c5a322c9954607f5edcf337bc3684a75a7e"
url = "https://ziglang.org/download/0.16.0/zig-x86_64-windows-0.16.0.zip"
