# @generated - this file is auto-generated by `mise lock` https://mise.en.dev/dev-tools/mise-lock.html

[[tools."github:WebAssembly/wasi-sdk"]]
version = "wasi-sdk-34"
backend = "github:WebAssembly/wasi-sdk"

[tools."github:WebAssembly/wasi-sdk"."platforms.linux-arm64"]
checksum = "sha256:f7e243dff54d60bcc576e94d6166b69f410f2500ae4a9ceef34315be10e77971"
url = "https://github.com/WebAssembly/wasi-sdk/releases/download/wasi-sdk-34/wasi-sdk-34.0-arm64-linux.tar.gz"
url_api = "https://api.github.com/repos/WebAssembly/wasi-sdk/releases/assets/528366381"

[tools."github:WebAssembly/wasi-sdk"."platforms.linux-arm64-musl"]
checksum = "sha256:f7e243dff54d60bcc576e94d6166b69f410f2500ae4a9ceef34315be10e77971"
url = "https://github.com/WebAssembly/wasi-sdk/releases/download/wasi-sdk-34/wasi-sdk-34.0-arm64-linux.tar.gz"
url_api = "https://api.github.com/repos/WebAssembly/wasi-sdk/releases/assets/528366381"

[tools."github:WebAssembly/wasi-sdk"."platforms.linux-x64"]
checksum = "sha256:b761e3a0721dbae9c09a0059e5fdb2bf917d1b4a8a7b430fb3b5aafb0984b2c4"
url = "https://github.com/WebAssembly/wasi-sdk/releases/download/wasi-sdk-34/wasi-sdk-34.0-x86_64-linux.tar.gz"
url_api = "https://api.github.com/repos/WebAssembly/wasi-sdk/releases/assets/528366474"

[tools."github:WebAssembly/wasi-sdk"."platforms.linux-x64-musl"]
checksum = "sha256:b761e3a0721dbae9c09a0059e5fdb2bf917d1b4a8a7b430fb3b5aafb0984b2c4"
url = "https://github.com/WebAssembly/wasi-sdk/releases/download/wasi-sdk-34/wasi-sdk-34.0-x86_64-linux.tar.gz"
url_api = "https://api.github.com/repos/WebAssembly/wasi-sdk/releases/assets/528366474"

[tools."github:WebAssembly/wasi-sdk"."platforms.macos-arm64"]
checksum = "sha256:9c59398106b417f8f14913380fdf0097a8cc0ff4af9eb3ce0065a859e88d49e9"
url = "https://github.com/WebAssembly/wasi-sdk/releases/download/wasi-sdk-34/wasi-sdk-34.0-arm64-macos.tar.gz"
url_api = "https://api.github.com/repos/WebAssembly/wasi-sdk/releases/assets/528366387"

[tools."github:WebAssembly/wasi-sdk"."platforms.macos-x64"]
checksum = "sha256:87d27fa8adc68dee59bfbf2e22a6d34ef717c34d6bf1d8af2a56fc929d9ce0eb"
url = "https://github.com/WebAssembly/wasi-sdk/releases/download/wasi-sdk-34/wasi-sdk-34.0-x86_64-macos.tar.gz"
url_api = "https://api.github.com/repos/WebAssembly/wasi-sdk/releases/assets/528366482"

[tools."github:WebAssembly/wasi-sdk"."platforms.windows-x64"]
checksum = "sha256:cccb5c323a9b34f0349a9b09e8804a0a7632c68c3310f4b5f437ed57d7e71d8f"
url = "https://github.com/WebAssembly/wasi-sdk/releases/download/wasi-sdk-34/wasi-sdk-34.0-x86_64-windows.tar.gz"
url_api = "https://api.github.com/repos/WebAssembly/wasi-sdk/releases/assets/528366541"

[[tools.zig]]
version = "0.16.0"
backend = "core:zig"

[tools.zig."platforms.linux-arm64"]
checksum = "sha256:ea4b09bfb22ec6f6c6ceac57ab63efb6b46e17ab08d21f69f3a48b38e1534f17"
url = "https://ziglang.org/download/0.16.0/zig-aarch64-linux-0.16.0.tar.xz"

[tools.zig."platforms.linux-arm64-musl"]
checksum = "sha256:ea4b09bfb22ec6f6c6ceac57ab63efb6b46e17ab08d21f69f3a48b38e1534f17"
url = "https://ziglang.org/download/0.16.0/zig-aarch64-linux-0.16.0.tar.xz"

[tools.zig."platforms.linux-x64"]
checksum = "sha256:70e49664a74374b48b51e6f3fdfbf437f6395d42509050588bd49abe52ba3d00"
url = "https://ziglang.org/download/0.16.0/zig-x86_64-linux-0.16.0.tar.xz"
provenance = "minisign"

[tools.zig."platforms.linux-x64-musl"]
checksum = "sha256:70e49664a74374b48b51e6f3fdfbf437f6395d42509050588bd49abe52ba3d00"
url = "https://ziglang.org/download/0.16.0/zig-x86_64-linux-0.16.0.tar.xz"

[tools.zig."platforms.macos-arm64"]
checksum = "sha256:b23d70deaa879b5c2d486ed3316f7eaa53e84acf6fc9cc747de152450d401489"
url = "https://ziglang.org/download/0.16.0/zig-aarch64-macos-0.16.0.tar.xz"

[tools.zig."platforms.macos-x64"]
checksum = "sha256:0387557ed1877bc6a2e1802c8391953baddba76081876301c522f52977b52ba7"
url = "https://ziglang.org/download/0.16.0/zig-x86_64-macos-0.16.0.tar.xz"

[tools.zig."platforms.windows-x64"]
checksum = "sha256:68659eb5f1e4eb1437a722f1dd889c5a322c9954607f5edcf337bc3684a75a7e"
url = "https://ziglang.org/download/0.16.0/zig-x86_64-windows-0.16.0.zip"
