# This file is auto-generated by wado. Do not edit manually.
version = 1
deps-hash = ""

[[generator-cache]]
invocation = "kiln-880d9db12a6d7521"
generator = "local:src/generator.wado"
primary = { path = "grammars/SQLite.g4", hash = "72e3fa9877777afa5a4f9e8196d4cb194bb599e719d43b7b29d09eeed3e4c5e0" }
options-hash = "664ab6cf3faaeab6e21bef83b6aabf97790e28cadcb4d21099d7bae5dee7cf3f"
inputs = []
reads = []
outputs = [
    { path = "build/kiln/kiln-880d9db12a6d7521/sqlite.wado", hash = "c33e65eb280972c2fd09a15f4df16c6e281da4c40d4a7a3cd4d4540527f61e8e", entry = true },
]
