# This file is auto-generated by wado. Do not edit manually.
version = 1
deps-hash = ""

[[generator-cache]]
invocation = "kiln-7382226003c5d9e1"
generator = "local:src/generator.wado"
primary = { path = "grammars/right_assoc_gaps.g4", hash = "7632fce865fe8aa2c3c460beea14a27a0a020b9ccb2312fb59a2c980f12f639a" }
options-hash = "664ab6cf3faaeab6e21bef83b6aabf97790e28cadcb4d21099d7bae5dee7cf3f"
inputs = []
reads = []
outputs = [
    { path = "build/kiln/kiln-7382226003c5d9e1/right_assoc_gaps.wado", hash = "d53161e2efe8f44a82af00de79e4a64671033a827a320fb5c0c0b9155835510d", entry = true },
]
