# This file is auto-generated by wado. Do not edit manually.
version = 1
deps-hash = ""

[[generator-cache]]
invocation = "kiln-f37fa830f2a0df13"
generator = "local:src/generator.wado"
primary = { path = "grammars/unicode_props.g4", hash = "7559b99d20b67597cdc99b2e9e0eaeea1ad4b0931d40859c1dbb600e20d1c5c0" }
options-hash = "664ab6cf3faaeab6e21bef83b6aabf97790e28cadcb4d21099d7bae5dee7cf3f"
inputs = []
reads = []
outputs = [
    { path = "build/kiln/kiln-f37fa830f2a0df13/unicode_props.wado", hash = "61eea72e166bd27dba170bff96123c1dfd747c2c579bb30b0e4ddd72e0b3a9b6", entry = true },
]
