# This file is automatically @generated by Cargo.
# It is not intended for manual editing.
version = 4

[[package]]
name = "zlib-rs"
version = "0.6.0"
source = "registry+https://github.com/rust-lang/crates.io-index"
checksum = "a7948af682ccbc3342b6e9420e8c51c1fe5d7bf7756002b4a3c6cabfe96a7e3c"

[[package]]
name = "zlib-rs-bench"
version = "0.1.0"
dependencies = [
 "zlib-rs",
]
