# This file is auto-generated by wado. Do not edit manually.
version = 1
deps-hash = ""

[[generator-cache]]
invocation = "kiln-b277d3c4e6c19928"
generator = "local:../../package-gale/src/generator.wado"
primary = { path = "../../package-gale/tests/grammars/SQLite.g4", hash = "72e3fa9877777afa5a4f9e8196d4cb194bb599e719d43b7b29d09eeed3e4c5e0" }
options-hash = "221a81964a4e4212ce2e828643b07faa05ae8ecd824158743f342b88120c56f5"
inputs = []
reads = []
outputs = [
    { path = "build/kiln/kiln-b277d3c4e6c19928/sqlite.wado", hash = "6a4928515b169a8c7870c55110455f90a0276b771fec2d68599293fb0f474f04", entry = true },
]
