# This file is auto-generated by wado. Do not edit manually.
version = 1
deps-hash = ""

[[generator-cache]]
invocation = "parser"
generator = "local:../../package-gale/src/generator.wado"
primary = { path = "../../package-gale/tests/grammars/SQLite.g4", hash = "72e3fa9877777afa5a4f9e8196d4cb194bb599e719d43b7b29d09eeed3e4c5e0" }
options-hash = "664ab6cf3faaeab6e21bef83b6aabf97790e28cadcb4d21099d7bae5dee7cf3f"
inputs = []
reads = []
outputs = [
    { path = "build/kiln/parser/sqlite.wado", hash = "9703f1524cae2ebc4d25ed5dafce69747775b1f6ee6692f6603cd8216ea7e661", entry = true },
]
