# This file is auto-generated by wado. Do not edit manually.
version = 1
deps-hash = ""

[[generator-cache]]
invocation = "parser"
generator = "local:../../package-gale/src/generator.wado"
primary = { path = "../../package-gale/tests/grammars/SQLite.g4", hash = "72e3fa9877777afa5a4f9e8196d4cb194bb599e719d43b7b29d09eeed3e4c5e0" }
options-hash = "221a81964a4e4212ce2e828643b07faa05ae8ecd824158743f342b88120c56f5"
inputs = []
reads = []
outputs = [
    { path = "build/kiln/parser/sqlite.wado", hash = "6b468c683c80a6d0388725d2a824c265c29e60fb8ba8b2be890e9685e8162c3c", entry = true },
]
